# This file is automatically @generated by Cargo.
# It is not intended for manual editing.
version = 4

[[package]]
name = "cardano-mcp"
version = "0.0.1"
dependencies = [
 "cardano-mcp-decode",
 "cardano-mcp-provider",
 "cardano-mcp-sanitize",
]

[[package]]
name = "cardano-mcp-decode"
version = "0.0.1"

[[package]]
name = "cardano-mcp-provider"
version = "0.0.1"

[[package]]
name = "cardano-mcp-sanitize"
version = "0.0.1"
